<?xml version="1.0" encoding="utf-8"?>
<Project ToolsVersion="4.0" xmlns="http://schemas.microsoft.com/developer/msbuild/2003">
  <ItemGroup>
    <ClCompile Include="lpzasi.cpp" />
    <ClCompile Include="CCmdlineParams.cpp" />
    <ClCompile Include="CLog.cpp" />
    <ClCompile Include="CMem.cpp" />
  </ItemGroup>
  <ItemGroup>
    <Filter Include="Headers">
      <UniqueIdentifier>{0b6e527a-7713-4043-903c-97848abcd59a}</UniqueIdentifier>
    </Filter>
  </ItemGroup>
  <ItemGroup>
    <ClInclude Include="CCmdlineParams.h">
      <Filter>Headers</Filter>
    </ClInclude>
    <ClInclude Include="Client.h">
      <Filter>Headers</Filter>
    </ClInclude>
    <ClInclude Include="CLog.h">
      <Filter>Headers</Filter>
    </ClInclude>
    <ClInclude Include="CMem.h">
      <Filter>Headers</Filter>
    </ClInclude>
  </ItemGroup>
  <ItemGroup>
    <ResourceCompile Include="lpz-asi.rc" />
  </ItemGroup>
</Project>